
Microsoft Visual Studio Solution File, Format Version 12.00
# Visual Studio 15
VisualStudioVersion = 15.0.27428.2037
MinimumVisualStudioVersion = 10.0.40219.1
Project("{FAE04EC0-301F-11D3-BF4B-00C04F79EFBC}") = "ExemploLivrariaModulo07OOB", "ExemploLivrariaModulo07OOB\ExemploLivrariaModulo07OOB.csproj", "{53EB5723-A9AE-458D-9537-B712987C1EE8}"
EndProject
Global
	GlobalSection(SolutionConfigurationPlatforms) = preSolution
		Debug|Any CPU = Debug|Any CPU
		Release|Any CPU = Release|Any CPU
	EndGlobalSection
	GlobalSection(ProjectConfigurationPlatforms) = postSolution
		{53EB5723-A9AE-458D-9537-B712987C1EE8}.Debug|Any CPU.ActiveCfg = Debug|Any CPU
		{53EB5723-A9AE-458D-9537-B712987C1EE8}.Debug|Any CPU.Build.0 = Debug|Any CPU
		{53EB5723-A9AE-458D-9537-B712987C1EE8}.Release|Any CPU.ActiveCfg = Release|Any CPU
		{53EB5723-A9AE-458D-9537-B712987C1EE8}.Release|Any CPU.Build.0 = Release|Any CPU
	EndGlobalSection
	GlobalSection(SolutionProperties) = preSolution
		HideSolutionNode = FALSE
	EndGlobalSection
	GlobalSection(ExtensibilityGlobals) = postSolution
		SolutionGuid = {4C687C92-D096-407A-8A98-8C470F0394BC}
	EndGlobalSection
EndGlobal
